
Microsoft Visual Studio Solution File, Format Version 12.00
# Visual Studio Version 17
VisualStudioVersion = 17.0.31903.59
MinimumVisualStudioVersion = 10.0.40219.1
Project("{2150E333-8FDC-42A3-9474-1A3956D46DE8}") = "src", "src", "{827E0CD3-B72D-47B6-A68D-7590B98EB39B}"
EndProject
Project("{FAE04EC0-301F-11D3-BF4B-00C04F79EFBC}") = "Manian.Infrastructure", "src\Manian.Infrastructure\Manian.Infrastructure.csproj", "{8EF6A704-178D-48F6-8108-FFDF75F104DB}"
EndProject
Project("{FAE04EC0-301F-11D3-BF4B-00C04F79EFBC}") = "Manian.Application", "src\Manian.Application\Manian.Application.csproj", "{FDE8219E-70C8-494A-9206-B39A61D8524A}"
EndProject
Project("{FAE04EC0-301F-11D3-BF4B-00C04F79EFBC}") = "Manian.Domain", "src\Manian.Domain\Manian.Domain.csproj", "{48E7D452-9E1C-4C5A-A445-1631B3DA06DA}"
EndProject
Project("{FAE04EC0-301F-11D3-BF4B-00C04F79EFBC}") = "Manian.Presentation", "src\Manian.Presentation\Manian.Presentation.csproj", "{69282F57-ACD9-4563-A87F-D4E93584A10A}"
EndProject
Global
	GlobalSection(SolutionConfigurationPlatforms) = preSolution
		Debug|Any CPU = Debug|Any CPU
		Debug|x64 = Debug|x64
		Debug|x86 = Debug|x86
		Release|Any CPU = Release|Any CPU
		Release|x64 = Release|x64
		Release|x86 = Release|x86
	EndGlobalSection
	GlobalSection(ProjectConfigurationPlatforms) = postSolution
		{8EF6A704-178D-48F6-8108-FFDF75F104DB}.Debug|Any CPU.ActiveCfg = Debug|Any CPU
		{8EF6A704-178D-48F6-8108-FFDF75F104DB}.Debug|Any CPU.Build.0 = Debug|Any CPU
		{8EF6A704-178D-48F6-8108-FFDF75F104DB}.Debug|x64.ActiveCfg = Debug|Any CPU
		{8EF6A704-178D-48F6-8108-FFDF75F104DB}.Debug|x64.Build.0 = Debug|Any CPU
		{8EF6A704-178D-48F6-8108-FFDF75F104DB}.Debug|x86.ActiveCfg = Debug|Any CPU
		{8EF6A704-178D-48F6-8108-FFDF75F104DB}.Debug|x86.Build.0 = Debug|Any CPU
		{8EF6A704-178D-48F6-8108-FFDF75F104DB}.Release|Any CPU.ActiveCfg = Release|Any CPU
		{8EF6A704-178D-48F6-8108-FFDF75F104DB}.Release|Any CPU.Build.0 = Release|Any CPU
		{8EF6A704-178D-48F6-8108-FFDF75F104DB}.Release|x64.ActiveCfg = Release|Any CPU
		{8EF6A704-178D-48F6-8108-FFDF75F104DB}.Release|x64.Build.0 = Release|Any CPU
		{8EF6A704-178D-48F6-8108-FFDF75F104DB}.Release|x86.ActiveCfg = Release|Any CPU
		{8EF6A704-178D-48F6-8108-FFDF75F104DB}.Release|x86.Build.0 = Release|Any CPU
		{FDE8219E-70C8-494A-9206-B39A61D8524A}.Debug|Any CPU.ActiveCfg = Debug|Any CPU
		{FDE8219E-70C8-494A-9206-B39A61D8524A}.Debug|Any CPU.Build.0 = Debug|Any CPU
		{FDE8219E-70C8-494A-9206-B39A61D8524A}.Debug|x64.ActiveCfg = Debug|Any CPU
		{FDE8219E-70C8-494A-9206-B39A61D8524A}.Debug|x64.Build.0 = Debug|Any CPU
		{FDE8219E-70C8-494A-9206-B39A61D8524A}.Debug|x86.ActiveCfg = Debug|Any CPU
		{FDE8219E-70C8-494A-9206-B39A61D8524A}.Debug|x86.Build.0 = Debug|Any CPU
		{FDE8219E-70C8-494A-9206-B39A61D8524A}.Release|Any CPU.ActiveCfg = Release|Any CPU
		{FDE8219E-70C8-494A-9206-B39A61D8524A}.Release|Any CPU.Build.0 = Release|Any CPU
		{FDE8219E-70C8-494A-9206-B39A61D8524A}.Release|x64.ActiveCfg = Release|Any CPU
		{FDE8219E-70C8-494A-9206-B39A61D8524A}.Release|x64.Build.0 = Release|Any CPU
		{FDE8219E-70C8-494A-9206-B39A61D8524A}.Release|x86.ActiveCfg = Release|Any CPU
		{FDE8219E-70C8-494A-9206-B39A61D8524A}.Release|x86.Build.0 = Release|Any CPU
		{48E7D452-9E1C-4C5A-A445-1631B3DA06DA}.Debug|Any CPU.ActiveCfg = Debug|Any CPU
		{48E7D452-9E1C-4C5A-A445-1631B3DA06DA}.Debug|Any CPU.Build.0 = Debug|Any CPU
		{48E7D452-9E1C-4C5A-A445-1631B3DA06DA}.Debug|x64.ActiveCfg = Debug|Any CPU
		{48E7D452-9E1C-4C5A-A445-1631B3DA06DA}.Debug|x64.Build.0 = Debug|Any CPU
		{48E7D452-9E1C-4C5A-A445-1631B3DA06DA}.Debug|x86.ActiveCfg = Debug|Any CPU
		{48E7D452-9E1C-4C5A-A445-1631B3DA06DA}.Debug|x86.Build.0 = Debug|Any CPU
		{48E7D452-9E1C-4C5A-A445-1631B3DA06DA}.Release|Any CPU.ActiveCfg = Release|Any CPU
		{48E7D452-9E1C-4C5A-A445-1631B3DA06DA}.Release|Any CPU.Build.0 = Release|Any CPU
		{48E7D452-9E1C-4C5A-A445-1631B3DA06DA}.Release|x64.ActiveCfg = Release|Any CPU
		{48E7D452-9E1C-4C5A-A445-1631B3DA06DA}.Release|x64.Build.0 = Release|Any CPU
		{48E7D452-9E1C-4C5A-A445-1631B3DA06DA}.Release|x86.ActiveCfg = Release|Any CPU
		{48E7D452-9E1C-4C5A-A445-1631B3DA06DA}.Release|x86.Build.0 = Release|Any CPU
		{69282F57-ACD9-4563-A87F-D4E93584A10A}.Debug|Any CPU.ActiveCfg = Debug|Any CPU
		{69282F57-ACD9-4563-A87F-D4E93584A10A}.Debug|Any CPU.Build.0 = Debug|Any CPU
		{69282F57-ACD9-4563-A87F-D4E93584A10A}.Debug|x64.ActiveCfg = Debug|Any CPU
		{69282F57-ACD9-4563-A87F-D4E93584A10A}.Debug|x64.Build.0 = Debug|Any CPU
		{69282F57-ACD9-4563-A87F-D4E93584A10A}.Debug|x86.ActiveCfg = Debug|Any CPU
		{69282F57-ACD9-4563-A87F-D4E93584A10A}.Debug|x86.Build.0 = Debug|Any CPU
		{69282F57-ACD9-4563-A87F-D4E93584A10A}.Release|Any CPU.ActiveCfg = Release|Any CPU
		{69282F57-ACD9-4563-A87F-D4E93584A10A}.Release|Any CPU.Build.0 = Release|Any CPU
		{69282F57-ACD9-4563-A87F-D4E93584A10A}.Release|x64.ActiveCfg = Release|Any CPU
		{69282F57-ACD9-4563-A87F-D4E93584A10A}.Release|x64.Build.0 = Release|Any CPU
		{69282F57-ACD9-4563-A87F-D4E93584A10A}.Release|x86.ActiveCfg = Release|Any CPU
		{69282F57-ACD9-4563-A87F-D4E93584A10A}.Release|x86.Build.0 = Release|Any CPU
	EndGlobalSection
	GlobalSection(SolutionProperties) = preSolution
		HideSolutionNode = FALSE
	EndGlobalSection
	GlobalSection(NestedProjects) = preSolution
		{8EF6A704-178D-48F6-8108-FFDF75F104DB} = {827E0CD3-B72D-47B6-A68D-7590B98EB39B}
		{FDE8219E-70C8-494A-9206-B39A61D8524A} = {827E0CD3-B72D-47B6-A68D-7590B98EB39B}
		{48E7D452-9E1C-4C5A-A445-1631B3DA06DA} = {827E0CD3-B72D-47B6-A68D-7590B98EB39B}
		{69282F57-ACD9-4563-A87F-D4E93584A10A} = {827E0CD3-B72D-47B6-A68D-7590B98EB39B}
	EndGlobalSection
EndGlobal
